
Microsoft Visual Studio Solution File, Format Version 12.00
# Visual Studio Version 17
VisualStudioVersion = 17.4.33110.190
MinimumVisualStudioVersion = 10.0.40219.1
Project("{FAE04EC0-301F-11D3-BF4B-00C04F79EFBC}") = "Balta", "Balta\Balta.csproj", "{7D6E232E-CA27-4C91-BFDB-5A8C728A5575}"
EndProject
Global
	GlobalSection(SolutionConfigurationPlatforms) = preSolution
		Debug|Any CPU = Debug|Any CPU
		Release|Any CPU = Release|Any CPU
	EndGlobalSection
	GlobalSection(ProjectConfigurationPlatforms) = postSolution
		{7D6E232E-CA27-4C91-BFDB-5A8C728A5575}.Debug|Any CPU.ActiveCfg = Debug|Any CPU
		{7D6E232E-CA27-4C91-BFDB-5A8C728A5575}.Debug|Any CPU.Build.0 = Debug|Any CPU
		{7D6E232E-CA27-4C91-BFDB-5A8C728A5575}.Release|Any CPU.ActiveCfg = Release|Any CPU
		{7D6E232E-CA27-4C91-BFDB-5A8C728A5575}.Release|Any CPU.Build.0 = Release|Any CPU
	EndGlobalSection
	GlobalSection(SolutionProperties) = preSolution
		HideSolutionNode = FALSE
	EndGlobalSection
	GlobalSection(ExtensibilityGlobals) = postSolution
		SolutionGuid = {74F99E4D-55C4-4DF0-BFBD-AEE624DAE7E8}
	EndGlobalSection
EndGlobal
